# This file is automatically @generated by Cargo.
# It is not intended for manual editing.
version = 4

[[package]]
name = "emotionless"
version = "0.1.0"
dependencies = [
 "read_pipe",
]

[[package]]
name = "read_pipe"
version = "0.2.0"
source = "registry+https://github.com/rust-lang/crates.io-index"
checksum = "ca97a8d20e26389dca2dd5520ec3d15aceb7ca4bc2c6f0a9335dd72e05cb5c15"
